// !$*UTF8*$!
{
	archiveVersion = 1;
	classes = {
	};
	objectVersion = 77;
	objects = {

/* Begin PBXContainerItemProxy section */
		A1D9B6BA2E6A8226000CF95D /* PBXContainerItemProxy */ = {
			isa = PBXContainerItemProxy;
			containerPortal = A1D9B6A42E6A8224000CF95D /* Project object */;
			proxyType = 1;
			remoteGlobalIDString = A1D9B6AB2E6A8224000CF95D;
			remoteInfo = party_fun;
		};
		A1D9B6C42E6A8226000CF95D /* PBXContainerItemProxy */ = {
			isa = PBXContainerItemProxy;
			containerPortal = A1D9B6A42E6A8224000CF95D /* Project object */;
			proxyType = 1;
			remoteGlobalIDString = A1D9B6AB2E6A8224000CF95D;
			remoteInfo = party_fun;
		};
/* End PBXContainerItemProxy section */

/* Begin PBXFileReference section */
		A1D9B6AC2E6A8224000CF95D /* party_fun.app */ = {isa = PBXFileReference; explicitFileType = wrapper.application; includeInIndex = 0; path = party_fun.app; sourceTree = BUILT_PRODUCTS_DIR; };
		A1D9B6B92E6A8226000CF95D /* party_funTests.xctest */ = {isa = PBXFileReference; explicitFileType = wrapper.cfbundle; includeInIndex = 0; path = party_funTests.xctest; sourceTree = BUILT_PRODUCTS_DIR; };
		A1D9B6C32E6A8226000CF95D /* party_funUITests.xctest */ = {isa = PBXFileReference; explicitFileType = wrapper.cfbundle; includeInIndex = 0; path = party_funUITests.xctest; sourceTree = BUILT_PRODUCTS_DIR; };
/* End PBXFileReference section */

/* Begin PBXFileSystemSynchronizedRootGroup section */
		A1D9B6AE2E6A8224000CF95D /* party_fun */ = {
			isa = PBXFileSystemSynchronizedRootGroup;
			path = party_fun;
			sourceTree = "<group>";
		};
		A1D9B6BC2E6A8226000CF95D /* party_funTests */ = {
			isa = PBXFileSystemSynchronizedRootGroup;
			path = party_funTests;
			sourceTree = "<group>";
		};
		A1D9B6C62E6A8226000CF95D /* party_funUITests */ = {
			isa = PBXFileSystemSynchronizedRootGroup;
			path = party_funUITests;
			sourceTree = "<group>";
		};
/* End PBXFileSystemSynchronizedRootGroup section */

/* Begin PBXFrameworksBuildPhase section */
		A1D9B6A92E6A8224000CF95D /* Frameworks */ = {
			isa = PBXFrameworksBuildPhase;
			buildActionMask = 2147483647;
			files = (
			);
			runOnlyForDeploymentPostprocessing = 0;
		};
		A1D9B6B62E6A8226000CF95D /* Frameworks */ = {
			isa = PBXFrameworksBuildPhase;
			buildActionMask = 2147483647;
			files = (
			);
			runOnlyForDeploymentPostprocessing = 0;
		};
		A1D9B6C02E6A8226000CF95D /* Frameworks */ = {
			isa = PBXFrameworksBuildPhase;
			buildActionMask = 2147483647;
			files = (
			);
			runOnlyForDeploymentPostprocessing = 0;
		};
/* End PBXFrameworksBuildPhase section */

/* Begin PBXGroup section */
		A1D9B6A32E6A8224000CF95D = {
			isa = PBXGroup;
			children = (
				A1D9B6AE2E6A8224000CF95D /* party_fun */,
				A1D9B6BC2E6A8226000CF95D /* party_funTests */,
				A1D9B6C62E6A8226000CF95D /* party_funUITests */,
				A1D9B6AD2E6A8224000CF95D /* Products */,
			);
			sourceTree = "<group>";
		};
		A1D9B6AD2E6A8224000CF95D /* Products */ = {
			isa = PBXGroup;
			children = (
				A1D9B6AC2E6A8224000CF95D /* party_fun.app */,
				A1D9B6B92E6A8226000CF95D /* party_funTests.xctest */,
				A1D9B6C32E6A8226000CF95D /* party_funUITests.xctest */,
			);
			name = Products;
			sourceTree = "<group>";
		};
/* End PBXGroup section */

/* Begin PBXNativeTarget section */
		A1D9B6AB2E6A8224000CF95D /* party_fun */ = {
			isa = PBXNativeTarget;
			buildConfigurationList = A1D9B6CD2E6A8226000CF95D /* Build configuration list for PBXNativeTarget "party_fun" */;
			buildPhases = (
				A1D9B6A82E6A8224000CF95D /* Sources */,
				A1D9B6A92E6A8224000CF95D /* Frameworks */,
				A1D9B6AA2E6A8224000CF95D /* Resources */,
			);
			buildRules = (
			);
			dependencies = (
			);
			fileSystemSynchronizedGroups = (
				A1D9B6AE2E6A8224000CF95D /* party_fun */,
			);
			name = party_fun;
			packageProductDependencies = (
			);
			productName = party_fun;
			productReference = A1D9B6AC2E6A8224000CF95D /* party_fun.app */;
			productType = "com.apple.product-type.application";
		};
		A1D9B6B82E6A8226000CF95D /* party_funTests */ = {
			isa = PBXNativeTarget;
			buildConfigurationList = A1D9B6D02E6A8226000CF95D /* Build configuration list for PBXNativeTarget "party_funTests" */;
			buildPhases = (
				A1D9B6B52E6A8226000CF95D /* Sources */,
				A1D9B6B62E6A8226000CF95D /* Frameworks */,
				A1D9B6B72E6A8226000CF95D /* Resources */,
			);
			buildRules = (
			);
			dependencies = (
				A1D9B6BB2E6A8226000CF95D /* PBXTargetDependency */,
			);
			fileSystemSynchronizedGroups = (
				A1D9B6BC2E6A8226000CF95D /* party_funTests */,
			);
			name = party_funTests;
			packageProductDependencies = (
			);
			productName = party_funTests;
			productReference = A1D9B6B92E6A8226000CF95D /* party_funTests.xctest */;
			productType = "com.apple.product-type.bundle.unit-test";
		};
		A1D9B6C22E6A8226000CF95D /* party_funUITests */ = {
			isa = PBXNativeTarget;
			buildConfigurationList = A1D9B6D32E6A8226000CF95D /* Build configuration list for PBXNativeTarget "party_funUITests" */;
			buildPhases = (
				A1D9B6BF2E6A8226000CF95D /* Sources */,
				A1D9B6C02E6A8226000CF95D /* Frameworks */,
				A1D9B6C12E6A8226000CF95D /* Resources */,
			);
			buildRules = (
			);
			dependencies = (
				A1D9B6C52E6A8226000CF95D /* PBXTargetDependency */,
			);
			fileSystemSynchronizedGroups = (
				A1D9B6C62E6A8226000CF95D /* party_funUITests */,
			);
			name = party_funUITests;
			packageProductDependencies = (
			);
			productName = party_funUITests;
			productReference = A1D9B6C32E6A8226000CF95D /* party_funUITests.xctest */;
			productType = "com.apple.product-type.bundle.ui-testing";
		};
/* End PBXNativeTarget section */

/* Begin PBXProject section */
		A1D9B6A42E6A8224000CF95D /* Project object */ = {
			isa = PBXProject;
			attributes = {
				BuildIndependentTargetsInParallel = 1;
				LastSwiftUpdateCheck = 1640;
				LastUpgradeCheck = 1640;
				TargetAttributes = {
					A1D9B6AB2E6A8224000CF95D = {
						CreatedOnToolsVersion = 16.4;
					};
					A1D9B6B82E6A8226000CF95D = {
						CreatedOnToolsVersion = 16.4;
						TestTargetID = A1D9B6AB2E6A8224000CF95D;
					};
					A1D9B6C22E6A8226000CF95D = {
						CreatedOnToolsVersion = 16.4;
						TestTargetID = A1D9B6AB2E6A8224000CF95D;
					};
				};
			};
			buildConfigurationList = A1D9B6A72E6A8224000CF95D /* Build configuration list for PBXProject "party_fun" */;
			developmentRegion = en;
			hasScannedForEncodings = 0;
			knownRegions = (
				en,
				Base,
			);
			mainGroup = A1D9B6A32E6A8224000CF95D;
			minimizedProjectReferenceProxies = 1;
			preferredProjectObjectVersion = 77;
			productRefGroup = A1D9B6AD2E6A8224000CF95D /* Products */;
			projectDirPath = "";
			projectRoot = "";
			targets = (
				A1D9B6AB2E6A8224000CF95D /* party_fun */,
				A1D9B6B82E6A8226000CF95D /* party_funTests */,
				A1D9B6C22E6A8226000CF95D /* party_funUITests */,
			);
		};
/* End PBXProject section */

/* Begin PBXResourcesBuildPhase section */
		A1D9B6AA2E6A8224000CF95D /* Resources */ = {
			isa = PBXResourcesBuildPhase;
			buildActionMask = 2147483647;
			files = (
			);
			runOnlyForDeploymentPostprocessing = 0;
		};
		A1D9B6B72E6A8226000CF95D /* Resources */ = {
			isa = PBXResourcesBuildPhase;
			buildActionMask = 2147483647;
			files = (
			);
			runOnlyForDeploymentPostprocessing = 0;
		};
		A1D9B6C12E6A8226000CF95D /* Resources */ = {
			isa = PBXResourcesBuildPhase;
			buildActionMask = 2147483647;
			files = (
			);
			runOnlyForDeploymentPostprocessing = 0;
		};
/* End PBXResourcesBuildPhase section */

/* Begin PBXSourcesBuildPhase section */
		A1D9B6A82E6A8224000CF95D /* Sources */ = {
			isa = PBXSourcesBuildPhase;
			buildActionMask = 2147483647;
			files = (
			);
			runOnlyForDeploymentPostprocessing = 0;
		};
		A1D9B6B52E6A8226000CF95D /* Sources */ = {
			isa = PBXSourcesBuildPhase;
			buildActionMask = 2147483647;
			files = (
			);
			runOnlyForDeploymentPostprocessing = 0;
		};
		A1D9B6BF2E6A8226000CF95D /* Sources */ = {
			isa = PBXSourcesBuildPhase;
			buildActionMask = 2147483647;
			files = (
			);
			runOnlyForDeploymentPostprocessing = 0;
		};
/* End PBXSourcesBuildPhase section */

/* Begin PBXTargetDependency section */
		A1D9B6BB2E6A8226000CF95D /* PBXTargetDependency */ = {
			isa = PBXTargetDependency;
			target = A1D9B6AB2E6A8224000CF95D /* party_fun */;
			targetProxy = A1D9B6BA2E6A8226000CF95D /* PBXContainerItemProxy */;
		};
		A1D9B6C52E6A8226000CF95D /* PBXTargetDependency */ = {
			isa = PBXTargetDependency;
			target = A1D9B6AB2E6A8224000CF95D /* party_fun */;
			targetProxy = A1D9B6C42E6A8226000CF95D /* PBXContainerItemProxy */;
		};
/* End PBXTargetDependency section */

/* Begin XCBuildConfiguration section */
		A1D9B6CB2E6A8226000CF95D /* Debug */ = {
			isa = XCBuildConfiguration;
			buildSettings = {
				ALWAYS_SEARCH_USER_PATHS = NO;
				ASSETCATALOG_COMPILER_GENERATE_SWIFT_ASSET_SYMBOL_EXTENSIONS = YES;
				CLANG_ANALYZER_NONNULL = YES;
				CLANG_ANALYZER_NUMBER_OBJECT_CONVERSION = YES_AGGRESSIVE;
				CLANG_CXX_LANGUAGE_STANDARD = "gnu++20";
				CLANG_ENABLE_MODULES = YES;
				CLANG_ENABLE_OBJC_ARC = YES;
				CLANG_ENABLE_OBJC_WEAK = YES;
				CLANG_WARN_BLOCK_CAPTURE_AUTORELEASING = YES;
				CLANG_WARN_BOOL_CONVERSION = YES;
				CLANG_WARN_COMMA = YES;
				CLANG_WARN_CONSTANT_CONVERSION = YES;
				CLANG_WARN_DEPRECATED_OBJC_IMPLEMENTATIONS = YES;
				CLANG_WARN_DIRECT_OBJC_ISA_USAGE = YES_ERROR;
				CLANG_WARN_DOCUMENTATION_COMMENTS = YES;
				CLANG_WARN_EMPTY_BODY = YES;
				CLANG_WARN_ENUM_CONVERSION = YES;
				CLANG_WARN_INFINITE_RECURSION = YES;
				CLANG_WARN_INT_CONVERSION = YES;
				CLANG_WARN_NON_LITERAL_NULL_CONVERSION = YES;
				CLANG_WARN_OBJC_IMPLICIT_RETAIN_SELF = YES;
				CLANG_WARN_OBJC_LITERAL_CONVERSION = YES;
				CLANG_WARN_OBJC_ROOT_CLASS = YES_ERROR;
				CLANG_WARN_QUOTED_INCLUDE_IN_FRAMEWORK_HEADER = YES;
				CLANG_WARN_RANGE_LOOP_ANALYSIS = YES;
				CLANG_WARN_STRICT_PROTOTYPES = YES;
				CLANG_WARN_SUSPICIOUS_MOVE = YES;
				CLANG_WARN_UNGUARDED_AVAILABILITY = YES_AGGRESSIVE;
				CLANG_WARN_UNREACHABLE_CODE = YES;
				CLANG_WARN__DUPLICATE_METHOD_MATCH = YES;
				COPY_PHASE_STRIP = NO;
				DEBUG_INFORMATION_FORMAT = dwarf;
				DEVELOPMENT_TEAM = 5N6B48T57B;
				ENABLE_STRICT_OBJC_MSGSEND = YES;
				ENABLE_TESTABILITY = YES;
				ENABLE_USER_SCRIPT_SANDBOXING = YES;
				GCC_C_LANGUAGE_STANDARD = gnu17;
				GCC_DYNAMIC_NO_PIC = NO;
				GCC_NO_COMMON_BLOCKS = YES;
				GCC_OPTIMIZATION_LEVEL = 0;
				GCC_PREPROCESSOR_DEFINITIONS = (
					"DEBUG=1",
					"$(inherited)",
				);
				GCC_WARN_64_TO_32_BIT_CONVERSION = YES;
				GCC_WARN_ABOUT_RETURN_TYPE = YES_ERROR;
				GCC_WARN_UNDECLARED_SELECTOR = YES;
				GCC_WARN_UNINITIALIZED_AUTOS = YES_AGGRESSIVE;
				GCC_WARN_UNUSED_FUNCTION = YES;
				GCC_WARN_UNUSED_VARIABLE = YES;
				IPHONEOS_DEPLOYMENT_TARGET = 18.5;
				LOCALIZATION_PREFERS_STRING_CATALOGS = YES;
				MTL_ENABLE_DEBUG_INFO = INCLUDE_SOURCE;
				MTL_FAST_MATH = YES;
				ONLY_ACTIVE_ARCH = YES;
				SDKROOT = iphoneos;
				SWIFT_ACTIVE_COMPILATION_CONDITIONS = "DEBUG $(inherited)";
				SWIFT_OPTIMIZATION_LEVEL = "-Onone";
			};
			name = Debug;
		};
		A1D9B6CC2E6A8226000CF95D /* Release */ = {
			isa = XCBuildConfiguration;
			buildSettings = {
				ALWAYS_SEARCH_USER_PATHS = NO;
				ASSETCATALOG_COMPILER_GENERATE_SWIFT_ASSET_SYMBOL_EXTENSIONS = YES;
				CLANG_ANALYZER_NONNULL = YES;
				CLANG_ANALYZER_NUMBER_OBJECT_CONVERSION = YES_AGGRESSIVE;
				CLANG_CXX_LANGUAGE_STANDARD = "gnu++20";
				CLANG_ENABLE_MODULES = YES;
				CLANG_ENABLE_OBJC_ARC = YES;
				CLANG_ENABLE_OBJC_WEAK = YES;
				CLANG_WARN_BLOCK_CAPTURE_AUTORELEASING = YES;
				CLANG_WARN_BOOL_CONVERSION = YES;
				CLANG_WARN_COMMA = YES;
				CLANG_WARN_CONSTANT_CONVERSION = YES;
				CLANG_WARN_DEPRECATED_OBJC_IMPLEMENTATIONS = YES;
				CLANG_WARN_DIRECT_OBJC_ISA_USAGE = YES_ERROR;
				CLANG_WARN_DOCUMENTATION_COMMENTS = YES;
				CLANG_WARN_EMPTY_BODY = YES;
				CLANG_WARN_ENUM_CONVERSION = YES;
				CLANG_WARN_INFINITE_RECURSION = YES;
				CLANG_WARN_INT_CONVERSION = YES;
				CLANG_WARN_NON_LITERAL_NULL_CONVERSION = YES;
				CLANG_WARN_OBJC_IMPLICIT_RETAIN_SELF = YES;
				CLANG_WARN_OBJC_LITERAL_CONVERSION = YES;
				CLANG_WARN_OBJC_ROOT_CLASS = YES_ERROR;
				CLANG_WARN_QUOTED_INCLUDE_IN_FRAMEWORK_HEADER = YES;
				CLANG_WARN_RANGE_LOOP_ANALYSIS = YES;
				CLANG_WARN_STRICT_PROTOTYPES = YES;
				CLANG_WARN_SUSPICIOUS_MOVE = YES;
				CLANG_WARN_UNGUARDED_AVAILABILITY = YES_AGGRESSIVE;
				CLANG_WARN_UNREACHABLE_CODE = YES;
				CLANG_WARN__DUPLICATE_METHOD_MATCH = YES;
				COPY_PHASE_STRIP = NO;
				DEBUG_INFORMATION_FORMAT = "dwarf-with-dsym";
				DEVELOPMENT_TEAM = 5N6B48T57B;
				ENABLE_NS_ASSERTIONS = NO;
				ENABLE_STRICT_OBJC_MSGSEND = YES;
				ENABLE_USER_SCRIPT_SANDBOXING = YES;
				GCC_C_LANGUAGE_STANDARD = gnu17;
				GCC_NO_COMMON_BLOCKS = YES;
				GCC_WARN_64_TO_32_BIT_CONVERSION = YES;
				GCC_WARN_ABOUT_RETURN_TYPE = YES_ERROR;
				GCC_WARN_UNDECLARED_SELECTOR = YES;
				GCC_WARN_UNINITIALIZED_AUTOS = YES_AGGRESSIVE;
				GCC_WARN_UNUSED_FUNCTION = YES;
				GCC_WARN_UNUSED_VARIABLE = YES;
				IPHONEOS_DEPLOYMENT_TARGET = 18.5;
				LOCALIZATION_PREFERS_STRING_CATALOGS = YES;
				MTL_ENABLE_DEBUG_INFO = NO;
				MTL_FAST_MATH = YES;
				SDKROOT = iphoneos;
				SWIFT_COMPILATION_MODE = wholemodule;
				VALIDATE_PRODUCT = YES;
			};
			name = Release;
		};
		A1D9B6CE2E6A8226000CF95D /* Debug */ = {
			isa = XCBuildConfiguration;
			buildSettings = {
				ASSETCATALOG_COMPILER_APPICON_NAME = AppIcon;
				ASSETCATALOG_COMPILER_GLOBAL_ACCENT_COLOR_NAME = AccentColor;
				CODE_SIGN_STYLE = Automatic;
				CURRENT_PROJECT_VERSION = 1;
				DEVELOPMENT_TEAM = 5N6B48T57B;
				ENABLE_PREVIEWS = YES;
				GENERATE_INFOPLIST_FILE = YES;
				INFOPLIST_KEY_UIApplicationSceneManifest_Generation = YES;
				INFOPLIST_KEY_UIApplicationSupportsIndirectInputEvents = YES;
				INFOPLIST_KEY_UILaunchScreen_Generation = YES;
				INFOPLIST_KEY_UISupportedInterfaceOrientations_iPad = "UIInterfaceOrientationPortrait UIInterfaceOrientationPortraitUpsideDown UIInterfaceOrientationLandscapeLeft UIInterfaceOrientationLandscapeRight";
				INFOPLIST_KEY_UISupportedInterfaceOrientations_iPhone = "UIInterfaceOrientationPortrait UIInterfaceOrientationLandscapeLeft UIInterfaceOrientationLandscapeRight";
				LD_RUNPATH_SEARCH_PATHS = (
					"$(inherited)",
					"@executable_path/Frameworks",
				);
				MARKETING_VERSION = 1.0;
				PRODUCT_BUNDLE_IDENTIFIER = "com.qteqpid.party-fun";
				PRODUCT_NAME = "$(TARGET_NAME)";
				SWIFT_EMIT_LOC_STRINGS = YES;
				SWIFT_VERSION = 5.0;
				TARGETED_DEVICE_FAMILY = "1,2";
			};
			name = Debug;
		};
		A1D9B6CF2E6A8226000CF95D /* Release */ = {
			isa = XCBuildConfiguration;
			buildSettings = {
				ASSETCATALOG_COMPILER_APPICON_NAME = AppIcon;
				ASSETCATALOG_COMPILER_GLOBAL_ACCENT_COLOR_NAME = AccentColor;
				CODE_SIGN_STYLE = Automatic;
				CURRENT_PROJECT_VERSION = 1;
				DEVELOPMENT_TEAM = 5N6B48T57B;
				ENABLE_PREVIEWS = YES;
				GENERATE_INFOPLIST_FILE = YES;
				INFOPLIST_KEY_UIApplicationSceneManifest_Generation = YES;
				INFOPLIST_KEY_UIApplicationSupportsIndirectInputEvents = YES;
				INFOPLIST_KEY_UILaunchScreen_Generation = YES;
				INFOPLIST_KEY_UISupportedInterfaceOrientations_iPad = "UIInterfaceOrientationPortrait UIInterfaceOrientationPortraitUpsideDown UIInterfaceOrientationLandscapeLeft UIInterfaceOrientationLandscapeRight";
				INFOPLIST_KEY_UISupportedInterfaceOrientations_iPhone = "UIInterfaceOrientationPortrait UIInterfaceOrientationLandscapeLeft UIInterfaceOrientationLandscapeRight";
				LD_RUNPATH_SEARCH_PATHS = (
					"$(inherited)",
					"@executable_path/Frameworks",
				);
				MARKETING_VERSION = 1.0;
				PRODUCT_BUNDLE_IDENTIFIER = "com.qteqpid.party-fun";
				PRODUCT_NAME = "$(TARGET_NAME)";
				SWIFT_EMIT_LOC_STRINGS = YES;
				SWIFT_VERSION = 5.0;
				TARGETED_DEVICE_FAMILY = "1,2";
			};
			name = Release;
		};
		A1D9B6D12E6A8226000CF95D /* Debug */ = {
			isa = XCBuildConfiguration;
			buildSettings = {
				BUNDLE_LOADER = "$(TEST_HOST)";
				CODE_SIGN_STYLE = Automatic;
				CURRENT_PROJECT_VERSION = 1;
				DEVELOPMENT_TEAM = 5N6B48T57B;
				GENERATE_INFOPLIST_FILE = YES;
				IPHONEOS_DEPLOYMENT_TARGET = 18.5;
				MARKETING_VERSION = 1.0;
				PRODUCT_BUNDLE_IDENTIFIER = "com.qteqpid.party-funTests";
				PRODUCT_NAME = "$(TARGET_NAME)";
				SWIFT_EMIT_LOC_STRINGS = NO;
				SWIFT_VERSION = 5.0;
				TARGETED_DEVICE_FAMILY = "1,2";
				TEST_HOST = "$(BUILT_PRODUCTS_DIR)/party_fun.app/$(BUNDLE_EXECUTABLE_FOLDER_PATH)/party_fun";
			};
			name = Debug;
		};
		A1D9B6D22E6A8226000CF95D /* Release */ = {
			isa = XCBuildConfiguration;
			buildSettings = {
				BUNDLE_LOADER = "$(TEST_HOST)";
				CODE_SIGN_STYLE = Automatic;
				CURRENT_PROJECT_VERSION = 1;
				DEVELOPMENT_TEAM = 5N6B48T57B;
				GENERATE_INFOPLIST_FILE = YES;
				IPHONEOS_DEPLOYMENT_TARGET = 18.5;
				MARKETING_VERSION = 1.0;
				PRODUCT_BUNDLE_IDENTIFIER = "com.qteqpid.party-funTests";
				PRODUCT_NAME = "$(TARGET_NAME)";
				SWIFT_EMIT_LOC_STRINGS = NO;
				SWIFT_VERSION = 5.0;
				TARGETED_DEVICE_FAMILY = "1,2";
				TEST_HOST = "$(BUILT_PRODUCTS_DIR)/party_fun.app/$(BUNDLE_EXECUTABLE_FOLDER_PATH)/party_fun";
			};
			name = Release;
		};
		A1D9B6D42E6A8226000CF95D /* Debug */ = {
			isa = XCBuildConfiguration;
			buildSettings = {
				CODE_SIGN_STYLE = Automatic;
				CURRENT_PROJECT_VERSION = 1;
				DEVELOPMENT_TEAM = 5N6B48T57B;
				GENERATE_INFOPLIST_FILE = YES;
				MARKETING_VERSION = 1.0;
				PRODUCT_BUNDLE_IDENTIFIER = "com.qteqpid.party-funUITests";
				PRODUCT_NAME = "$(TARGET_NAME)";
				SWIFT_EMIT_LOC_STRINGS = NO;
				SWIFT_VERSION = 5.0;
				TARGETED_DEVICE_FAMILY = "1,2";
				TEST_TARGET_NAME = party_fun;
			};
			name = Debug;
		};
		A1D9B6D52E6A8226000CF95D /* Release */ = {
			isa = XCBuildConfiguration;
			buildSettings = {
				CODE_SIGN_STYLE = Automatic;
				CURRENT_PROJECT_VERSION = 1;
				DEVELOPMENT_TEAM = 5N6B48T57B;
				GENERATE_INFOPLIST_FILE = YES;
				MARKETING_VERSION = 1.0;
				PRODUCT_BUNDLE_IDENTIFIER = "com.qteqpid.party-funUITests";
				PRODUCT_NAME = "$(TARGET_NAME)";
				SWIFT_EMIT_LOC_STRINGS = NO;
				SWIFT_VERSION = 5.0;
				TARGETED_DEVICE_FAMILY = "1,2";
				TEST_TARGET_NAME = party_fun;
			};
			name = Release;
		};
/* End XCBuildConfiguration section */

/* Begin XCConfigurationList section */
		A1D9B6A72E6A8224000CF95D /* Build configuration list for PBXProject "party_fun" */ = {
			isa = XCConfigurationList;
			buildConfigurations = (
				A1D9B6CB2E6A8226000CF95D /* Debug */,
				A1D9B6CC2E6A8226000CF95D /* Release */,
			);
			defaultConfigurationIsVisible = 0;
			defaultConfigurationName = Release;
		};
		A1D9B6CD2E6A8226000CF95D /* Build configuration list for PBXNativeTarget "party_fun" */ = {
			isa = XCConfigurationList;
			buildConfigurations = (
				A1D9B6CE2E6A8226000CF95D /* Debug */,
				A1D9B6CF2E6A8226000CF95D /* Release */,
			);
			defaultConfigurationIsVisible = 0;
			defaultConfigurationName = Release;
		};
		A1D9B6D02E6A8226000CF95D /* Build configuration list for PBXNativeTarget "party_funTests" */ = {
			isa = XCConfigurationList;
			buildConfigurations = (
				A1D9B6D12E6A8226000CF95D /* Debug */,
				A1D9B6D22E6A8226000CF95D /* Release */,
			);
			defaultConfigurationIsVisible = 0;
			defaultConfigurationName = Release;
		};
		A1D9B6D32E6A8226000CF95D /* Build configuration list for PBXNativeTarget "party_funUITests" */ = {
			isa = XCConfigurationList;
			buildConfigurations = (
				A1D9B6D42E6A8226000CF95D /* Debug */,
				A1D9B6D52E6A8226000CF95D /* Release */,
			);
			defaultConfigurationIsVisible = 0;
			defaultConfigurationName = Release;
		};
/* End XCConfigurationList section */
	};
	rootObject = A1D9B6A42E6A8224000CF95D /* Project object */;
}
